
Microsoft Visual Studio Solution File, Format Version 12.00
# Visual Studio Version 17
VisualStudioVersion = 17.11.35208.52
MinimumVisualStudioVersion = 10.0.40219.1
Project("{FAE04EC0-301F-11D3-BF4B-00C04F79EFBC}") = "Section14Assignment24", "Section14Assignment24\Section14Assignment24.csproj", "{398476E9-808E-48E9-ADD9-D145A04370E5}"
EndProject
Global
	GlobalSection(SolutionConfigurationPlatforms) = preSolution
		Debug|Any CPU = Debug|Any CPU
		Release|Any CPU = Release|Any CPU
	EndGlobalSection
	GlobalSection(ProjectConfigurationPlatforms) = postSolution
		{398476E9-808E-48E9-ADD9-D145A04370E5}.Debug|Any CPU.ActiveCfg = Debug|Any CPU
		{398476E9-808E-48E9-ADD9-D145A04370E5}.Debug|Any CPU.Build.0 = Debug|Any CPU
		{398476E9-808E-48E9-ADD9-D145A04370E5}.Release|Any CPU.ActiveCfg = Release|Any CPU
		{398476E9-808E-48E9-ADD9-D145A04370E5}.Release|Any CPU.Build.0 = Release|Any CPU
	EndGlobalSection
	GlobalSection(SolutionProperties) = preSolution
		HideSolutionNode = FALSE
	EndGlobalSection
	GlobalSection(ExtensibilityGlobals) = postSolution
		SolutionGuid = {12007528-6B85-4AD7-A14E-9732BCAE2922}
	EndGlobalSection
EndGlobal
