
Microsoft Visual Studio Solution File, Format Version 12.00
# Visual Studio Version 17
VisualStudioVersion = 17.11.35208.52
MinimumVisualStudioVersion = 10.0.40219.1
Project("{FAE04EC0-301F-11D3-BF4B-00C04F79EFBC}") = "Section5Assignment8", "Section5Assignment8\Section5Assignment8.csproj", "{98081F70-7086-4320-9BD9-848D467C82CA}"
EndProject
Global
	GlobalSection(SolutionConfigurationPlatforms) = preSolution
		Debug|Any CPU = Debug|Any CPU
		Release|Any CPU = Release|Any CPU
	EndGlobalSection
	GlobalSection(ProjectConfigurationPlatforms) = postSolution
		{98081F70-7086-4320-9BD9-848D467C82CA}.Debug|Any CPU.ActiveCfg = Debug|Any CPU
		{98081F70-7086-4320-9BD9-848D467C82CA}.Debug|Any CPU.Build.0 = Debug|Any CPU
		{98081F70-7086-4320-9BD9-848D467C82CA}.Release|Any CPU.ActiveCfg = Release|Any CPU
		{98081F70-7086-4320-9BD9-848D467C82CA}.Release|Any CPU.Build.0 = Release|Any CPU
	EndGlobalSection
	GlobalSection(SolutionProperties) = preSolution
		HideSolutionNode = FALSE
	EndGlobalSection
	GlobalSection(ExtensibilityGlobals) = postSolution
		SolutionGuid = {69B45C65-3A27-4AE7-9FA0-3F4D993C32D7}
	EndGlobalSection
EndGlobal
